
Microsoft Visual Studio Solution File, Format Version 12.00
# Visual Studio Version 16
VisualStudioVersion = 16.0.29613.14
MinimumVisualStudioVersion = 10.0.40219.1
Project("{FAE04EC0-301F-11D3-BF4B-00C04F79EFBC}") = "MobTracker.Client.UWP", "MobTracker.Client\MobTracker.Client.UWP\MobTracker.Client.UWP.csproj", "{9B6E05D4-2B9C-481E-9941-ADAACACC4B7E}"
EndProject
Project("{FAE04EC0-301F-11D3-BF4B-00C04F79EFBC}") = "MobTracker.Client.Android", "MobTracker.Client\MobTracker.Client.Android\MobTracker.Client.Android.csproj", "{6CB6D871-F8EB-4C10-A5B1-CDA7ADE7057C}"
EndProject
Project("{FAE04EC0-301F-11D3-BF4B-00C04F79EFBC}") = "MobTracker.Client.iOS", "MobTracker.Client\MobTracker.Client.iOS\MobTracker.Client.iOS.csproj", "{288113E9-9ED3-46F4-B286-8F918538662B}"
EndProject
Project("{9A19103F-16F7-4668-BE54-9A1E7A4F7556}") = "MobTracker.Client", "MobTracker.Client\MobTracker.Client\MobTracker.Client.csproj", "{7526E49C-DC27-44AD-A8CD-36D3996E365F}"
EndProject
Project("{9A19103F-16F7-4668-BE54-9A1E7A4F7556}") = "MobTracker.Api", "MobTracker.Api\MobTracker.Api.csproj", "{E435F049-A398-4E2F-A191-AA8F33CB518A}"
EndProject
Project("{9A19103F-16F7-4668-BE54-9A1E7A4F7556}") = "MobTracker.Tools", "MobTracker.Tools\MobTracker.Tools.csproj", "{85D5A579-0B34-4E7E-AD30-AA9FD67B438E}"
EndProject
Global
	GlobalSection(SolutionConfigurationPlatforms) = preSolution
		Debug|Any CPU = Debug|Any CPU
		Debug|ARM = Debug|ARM
		Debug|iPhone = Debug|iPhone
		Debug|iPhoneSimulator = Debug|iPhoneSimulator
		Debug|x64 = Debug|x64
		Debug|x86 = Debug|x86
		Release|Any CPU = Release|Any CPU
		Release|ARM = Release|ARM
		Release|iPhone = Release|iPhone
		Release|iPhoneSimulator = Release|iPhoneSimulator
		Release|x64 = Release|x64
		Release|x86 = Release|x86
	EndGlobalSection
	GlobalSection(ProjectConfigurationPlatforms) = postSolution
		{9B6E05D4-2B9C-481E-9941-ADAACACC4B7E}.Debug|Any CPU.ActiveCfg = Debug|x86
		{9B6E05D4-2B9C-481E-9941-ADAACACC4B7E}.Debug|ARM.ActiveCfg = Debug|ARM
		{9B6E05D4-2B9C-481E-9941-ADAACACC4B7E}.Debug|ARM.Build.0 = Debug|ARM
		{9B6E05D4-2B9C-481E-9941-ADAACACC4B7E}.Debug|ARM.Deploy.0 = Debug|ARM
		{9B6E05D4-2B9C-481E-9941-ADAACACC4B7E}.Debug|iPhone.ActiveCfg = Debug|x86
		{9B6E05D4-2B9C-481E-9941-ADAACACC4B7E}.Debug|iPhoneSimulator.ActiveCfg = Debug|x86
		{9B6E05D4-2B9C-481E-9941-ADAACACC4B7E}.Debug|x64.ActiveCfg = Debug|x64
		{9B6E05D4-2B9C-481E-9941-ADAACACC4B7E}.Debug|x64.Build.0 = Debug|x64
		{9B6E05D4-2B9C-481E-9941-ADAACACC4B7E}.Debug|x64.Deploy.0 = Debug|x64
		{9B6E05D4-2B9C-481E-9941-ADAACACC4B7E}.Debug|x86.ActiveCfg = Debug|x86
		{9B6E05D4-2B9C-481E-9941-ADAACACC4B7E}.Debug|x86.Build.0 = Debug|x86
		{9B6E05D4-2B9C-481E-9941-ADAACACC4B7E}.Debug|x86.Deploy.0 = Debug|x86
		{9B6E05D4-2B9C-481E-9941-ADAACACC4B7E}.Release|Any CPU.ActiveCfg = Release|x86
		{9B6E05D4-2B9C-481E-9941-ADAACACC4B7E}.Release|ARM.ActiveCfg = Release|ARM
		{9B6E05D4-2B9C-481E-9941-ADAACACC4B7E}.Release|ARM.Build.0 = Release|ARM
		{9B6E05D4-2B9C-481E-9941-ADAACACC4B7E}.Release|ARM.Deploy.0 = Release|ARM
		{9B6E05D4-2B9C-481E-9941-ADAACACC4B7E}.Release|iPhone.ActiveCfg = Release|x86
		{9B6E05D4-2B9C-481E-9941-ADAACACC4B7E}.Release|iPhoneSimulator.ActiveCfg = Release|x86
		{9B6E05D4-2B9C-481E-9941-ADAACACC4B7E}.Release|x64.ActiveCfg = Release|x64
		{9B6E05D4-2B9C-481E-9941-ADAACACC4B7E}.Release|x64.Build.0 = Release|x64
		{9B6E05D4-2B9C-481E-9941-ADAACACC4B7E}.Release|x64.Deploy.0 = Release|x64
		{9B6E05D4-2B9C-481E-9941-ADAACACC4B7E}.Release|x86.ActiveCfg = Release|x86
		{9B6E05D4-2B9C-481E-9941-ADAACACC4B7E}.Release|x86.Build.0 = Release|x86
		{9B6E05D4-2B9C-481E-9941-ADAACACC4B7E}.Release|x86.Deploy.0 = Release|x86
		{6CB6D871-F8EB-4C10-A5B1-CDA7ADE7057C}.Debug|Any CPU.ActiveCfg = Debug|Any CPU
		{6CB6D871-F8EB-4C10-A5B1-CDA7ADE7057C}.Debug|Any CPU.Build.0 = Debug|Any CPU
		{6CB6D871-F8EB-4C10-A5B1-CDA7ADE7057C}.Debug|Any CPU.Deploy.0 = Debug|Any CPU
		{6CB6D871-F8EB-4C10-A5B1-CDA7ADE7057C}.Debug|ARM.ActiveCfg = Debug|Any CPU
		{6CB6D871-F8EB-4C10-A5B1-CDA7ADE7057C}.Debug|ARM.Build.0 = Debug|Any CPU
		{6CB6D871-F8EB-4C10-A5B1-CDA7ADE7057C}.Debug|ARM.Deploy.0 = Debug|Any CPU
		{6CB6D871-F8EB-4C10-A5B1-CDA7ADE7057C}.Debug|iPhone.ActiveCfg = Debug|Any CPU
		{6CB6D871-F8EB-4C10-A5B1-CDA7ADE7057C}.Debug|iPhone.Build.0 = Debug|Any CPU
		{6CB6D871-F8EB-4C10-A5B1-CDA7ADE7057C}.Debug|iPhone.Deploy.0 = Debug|Any CPU
		{6CB6D871-F8EB-4C10-A5B1-CDA7ADE7057C}.Debug|iPhoneSimulator.ActiveCfg = Debug|Any CPU
		{6CB6D871-F8EB-4C10-A5B1-CDA7ADE7057C}.Debug|iPhoneSimulator.Build.0 = Debug|Any CPU
		{6CB6D871-F8EB-4C10-A5B1-CDA7ADE7057C}.Debug|iPhoneSimulator.Deploy.0 = Debug|Any CPU
		{6CB6D871-F8EB-4C10-A5B1-CDA7ADE7057C}.Debug|x64.ActiveCfg = Debug|Any CPU
		{6CB6D871-F8EB-4C10-A5B1-CDA7ADE7057C}.Debug|x64.Build.0 = Debug|Any CPU
		{6CB6D871-F8EB-4C10-A5B1-CDA7ADE7057C}.Debug|x64.Deploy.0 = Debug|Any CPU
		{6CB6D871-F8EB-4C10-A5B1-CDA7ADE7057C}.Debug|x86.ActiveCfg = Debug|Any CPU
		{6CB6D871-F8EB-4C10-A5B1-CDA7ADE7057C}.Debug|x86.Build.0 = Debug|Any CPU
		{6CB6D871-F8EB-4C10-A5B1-CDA7ADE7057C}.Debug|x86.Deploy.0 = Debug|Any CPU
		{6CB6D871-F8EB-4C10-A5B1-CDA7ADE7057C}.Release|Any CPU.ActiveCfg = Release|Any CPU
		{6CB6D871-F8EB-4C10-A5B1-CDA7ADE7057C}.Release|Any CPU.Build.0 = Release|Any CPU
		{6CB6D871-F8EB-4C10-A5B1-CDA7ADE7057C}.Release|Any CPU.Deploy.0 = Release|Any CPU
		{6CB6D871-F8EB-4C10-A5B1-CDA7ADE7057C}.Release|ARM.ActiveCfg = Release|Any CPU
		{6CB6D871-F8EB-4C10-A5B1-CDA7ADE7057C}.Release|ARM.Build.0 = Release|Any CPU
		{6CB6D871-F8EB-4C10-A5B1-CDA7ADE7057C}.Release|ARM.Deploy.0 = Release|Any CPU
		{6CB6D871-F8EB-4C10-A5B1-CDA7ADE7057C}.Release|iPhone.ActiveCfg = Release|Any CPU
		{6CB6D871-F8EB-4C10-A5B1-CDA7ADE7057C}.Release|iPhone.Build.0 = Release|Any CPU
		{6CB6D871-F8EB-4C10-A5B1-CDA7ADE7057C}.Release|iPhone.Deploy.0 = Release|Any CPU
		{6CB6D871-F8EB-4C10-A5B1-CDA7ADE7057C}.Release|iPhoneSimulator.ActiveCfg = Release|Any CPU
		{6CB6D871-F8EB-4C10-A5B1-CDA7ADE7057C}.Release|iPhoneSimulator.Build.0 = Release|Any CPU
		{6CB6D871-F8EB-4C10-A5B1-CDA7ADE7057C}.Release|iPhoneSimulator.Deploy.0 = Release|Any CPU
		{6CB6D871-F8EB-4C10-A5B1-CDA7ADE7057C}.Release|x64.ActiveCfg = Release|Any CPU
		{6CB6D871-F8EB-4C10-A5B1-CDA7ADE7057C}.Release|x64.Build.0 = Release|Any CPU
		{6CB6D871-F8EB-4C10-A5B1-CDA7ADE7057C}.Release|x64.Deploy.0 = Release|Any CPU
		{6CB6D871-F8EB-4C10-A5B1-CDA7ADE7057C}.Release|x86.ActiveCfg = Release|Any CPU
		{6CB6D871-F8EB-4C10-A5B1-CDA7ADE7057C}.Release|x86.Build.0 = Release|Any CPU
		{6CB6D871-F8EB-4C10-A5B1-CDA7ADE7057C}.Release|x86.Deploy.0 = Release|Any CPU
		{288113E9-9ED3-46F4-B286-8F918538662B}.Debug|Any CPU.ActiveCfg = Debug|iPhone
		{288113E9-9ED3-46F4-B286-8F918538662B}.Debug|ARM.ActiveCfg = Debug|iPhone
		{288113E9-9ED3-46F4-B286-8F918538662B}.Debug|iPhone.ActiveCfg = Debug|iPhone
		{288113E9-9ED3-46F4-B286-8F918538662B}.Debug|iPhone.Build.0 = Debug|iPhone
		{288113E9-9ED3-46F4-B286-8F918538662B}.Debug|iPhoneSimulator.ActiveCfg = Debug|iPhoneSimulator
		{288113E9-9ED3-46F4-B286-8F918538662B}.Debug|iPhoneSimulator.Build.0 = Debug|iPhoneSimulator
		{288113E9-9ED3-46F4-B286-8F918538662B}.Debug|x64.ActiveCfg = Debug|iPhone
		{288113E9-9ED3-46F4-B286-8F918538662B}.Debug|x86.ActiveCfg = Debug|iPhone
		{288113E9-9ED3-46F4-B286-8F918538662B}.Release|Any CPU.ActiveCfg = Release|iPhone
		{288113E9-9ED3-46F4-B286-8F918538662B}.Release|ARM.ActiveCfg = Release|iPhone
		{288113E9-9ED3-46F4-B286-8F918538662B}.Release|iPhone.ActiveCfg = Release|iPhone
		{288113E9-9ED3-46F4-B286-8F918538662B}.Release|iPhone.Build.0 = Release|iPhone
		{288113E9-9ED3-46F4-B286-8F918538662B}.Release|iPhoneSimulator.ActiveCfg = Release|iPhoneSimulator
		{288113E9-9ED3-46F4-B286-8F918538662B}.Release|iPhoneSimulator.Build.0 = Release|iPhoneSimulator
		{288113E9-9ED3-46F4-B286-8F918538662B}.Release|x64.ActiveCfg = Release|iPhone
		{288113E9-9ED3-46F4-B286-8F918538662B}.Release|x86.ActiveCfg = Release|iPhone
		{7526E49C-DC27-44AD-A8CD-36D3996E365F}.Debug|Any CPU.ActiveCfg = Debug|Any CPU
		{7526E49C-DC27-44AD-A8CD-36D3996E365F}.Debug|Any CPU.Build.0 = Debug|Any CPU
		{7526E49C-DC27-44AD-A8CD-36D3996E365F}.Debug|ARM.ActiveCfg = Debug|Any CPU
		{7526E49C-DC27-44AD-A8CD-36D3996E365F}.Debug|ARM.Build.0 = Debug|Any CPU
		{7526E49C-DC27-44AD-A8CD-36D3996E365F}.Debug|iPhone.ActiveCfg = Debug|Any CPU
		{7526E49C-DC27-44AD-A8CD-36D3996E365F}.Debug|iPhone.Build.0 = Debug|Any CPU
		{7526E49C-DC27-44AD-A8CD-36D3996E365F}.Debug|iPhoneSimulator.ActiveCfg = Debug|Any CPU
		{7526E49C-DC27-44AD-A8CD-36D3996E365F}.Debug|iPhoneSimulator.Build.0 = Debug|Any CPU
		{7526E49C-DC27-44AD-A8CD-36D3996E365F}.Debug|x64.ActiveCfg = Debug|Any CPU
		{7526E49C-DC27-44AD-A8CD-36D3996E365F}.Debug|x64.Build.0 = Debug|Any CPU
		{7526E49C-DC27-44AD-A8CD-36D3996E365F}.Debug|x86.ActiveCfg = Debug|Any CPU
		{7526E49C-DC27-44AD-A8CD-36D3996E365F}.Debug|x86.Build.0 = Debug|Any CPU
		{7526E49C-DC27-44AD-A8CD-36D3996E365F}.Release|Any CPU.ActiveCfg = Release|Any CPU
		{7526E49C-DC27-44AD-A8CD-36D3996E365F}.Release|Any CPU.Build.0 = Release|Any CPU
		{7526E49C-DC27-44AD-A8CD-36D3996E365F}.Release|ARM.ActiveCfg = Release|Any CPU
		{7526E49C-DC27-44AD-A8CD-36D3996E365F}.Release|ARM.Build.0 = Release|Any CPU
		{7526E49C-DC27-44AD-A8CD-36D3996E365F}.Release|iPhone.ActiveCfg = Release|Any CPU
		{7526E49C-DC27-44AD-A8CD-36D3996E365F}.Release|iPhone.Build.0 = Release|Any CPU
		{7526E49C-DC27-44AD-A8CD-36D3996E365F}.Release|iPhoneSimulator.ActiveCfg = Release|Any CPU
		{7526E49C-DC27-44AD-A8CD-36D3996E365F}.Release|iPhoneSimulator.Build.0 = Release|Any CPU
		{7526E49C-DC27-44AD-A8CD-36D3996E365F}.Release|x64.ActiveCfg = Release|Any CPU
		{7526E49C-DC27-44AD-A8CD-36D3996E365F}.Release|x64.Build.0 = Release|Any CPU
		{7526E49C-DC27-44AD-A8CD-36D3996E365F}.Release|x86.ActiveCfg = Release|Any CPU
		{7526E49C-DC27-44AD-A8CD-36D3996E365F}.Release|x86.Build.0 = Release|Any CPU
		{E435F049-A398-4E2F-A191-AA8F33CB518A}.Debug|Any CPU.ActiveCfg = Debug|Any CPU
		{E435F049-A398-4E2F-A191-AA8F33CB518A}.Debug|Any CPU.Build.0 = Debug|Any CPU
		{E435F049-A398-4E2F-A191-AA8F33CB518A}.Debug|ARM.ActiveCfg = Debug|Any CPU
		{E435F049-A398-4E2F-A191-AA8F33CB518A}.Debug|ARM.Build.0 = Debug|Any CPU
		{E435F049-A398-4E2F-A191-AA8F33CB518A}.Debug|iPhone.ActiveCfg = Debug|Any CPU
		{E435F049-A398-4E2F-A191-AA8F33CB518A}.Debug|iPhone.Build.0 = Debug|Any CPU
		{E435F049-A398-4E2F-A191-AA8F33CB518A}.Debug|iPhoneSimulator.ActiveCfg = Debug|Any CPU
		{E435F049-A398-4E2F-A191-AA8F33CB518A}.Debug|iPhoneSimulator.Build.0 = Debug|Any CPU
		{E435F049-A398-4E2F-A191-AA8F33CB518A}.Debug|x64.ActiveCfg = Debug|Any CPU
		{E435F049-A398-4E2F-A191-AA8F33CB518A}.Debug|x64.Build.0 = Debug|Any CPU
		{E435F049-A398-4E2F-A191-AA8F33CB518A}.Debug|x86.ActiveCfg = Debug|Any CPU
		{E435F049-A398-4E2F-A191-AA8F33CB518A}.Debug|x86.Build.0 = Debug|Any CPU
		{E435F049-A398-4E2F-A191-AA8F33CB518A}.Release|Any CPU.ActiveCfg = Release|Any CPU
		{E435F049-A398-4E2F-A191-AA8F33CB518A}.Release|Any CPU.Build.0 = Release|Any CPU
		{E435F049-A398-4E2F-A191-AA8F33CB518A}.Release|ARM.ActiveCfg = Release|Any CPU
		{E435F049-A398-4E2F-A191-AA8F33CB518A}.Release|ARM.Build.0 = Release|Any CPU
		{E435F049-A398-4E2F-A191-AA8F33CB518A}.Release|iPhone.ActiveCfg = Release|Any CPU
		{E435F049-A398-4E2F-A191-AA8F33CB518A}.Release|iPhone.Build.0 = Release|Any CPU
		{E435F049-A398-4E2F-A191-AA8F33CB518A}.Release|iPhoneSimulator.ActiveCfg = Release|Any CPU
		{E435F049-A398-4E2F-A191-AA8F33CB518A}.Release|iPhoneSimulator.Build.0 = Release|Any CPU
		{E435F049-A398-4E2F-A191-AA8F33CB518A}.Release|x64.ActiveCfg = Release|Any CPU
		{E435F049-A398-4E2F-A191-AA8F33CB518A}.Release|x64.Build.0 = Release|Any CPU
		{E435F049-A398-4E2F-A191-AA8F33CB518A}.Release|x86.ActiveCfg = Release|Any CPU
		{E435F049-A398-4E2F-A191-AA8F33CB518A}.Release|x86.Build.0 = Release|Any CPU
		{85D5A579-0B34-4E7E-AD30-AA9FD67B438E}.Debug|Any CPU.ActiveCfg = Debug|Any CPU
		{85D5A579-0B34-4E7E-AD30-AA9FD67B438E}.Debug|Any CPU.Build.0 = Debug|Any CPU
		{85D5A579-0B34-4E7E-AD30-AA9FD67B438E}.Debug|ARM.ActiveCfg = Debug|Any CPU
		{85D5A579-0B34-4E7E-AD30-AA9FD67B438E}.Debug|ARM.Build.0 = Debug|Any CPU
		{85D5A579-0B34-4E7E-AD30-AA9FD67B438E}.Debug|iPhone.ActiveCfg = Debug|Any CPU
		{85D5A579-0B34-4E7E-AD30-AA9FD67B438E}.Debug|iPhone.Build.0 = Debug|Any CPU
		{85D5A579-0B34-4E7E-AD30-AA9FD67B438E}.Debug|iPhoneSimulator.ActiveCfg = Debug|Any CPU
		{85D5A579-0B34-4E7E-AD30-AA9FD67B438E}.Debug|iPhoneSimulator.Build.0 = Debug|Any CPU
		{85D5A579-0B34-4E7E-AD30-AA9FD67B438E}.Debug|x64.ActiveCfg = Debug|Any CPU
		{85D5A579-0B34-4E7E-AD30-AA9FD67B438E}.Debug|x64.Build.0 = Debug|Any CPU
		{85D5A579-0B34-4E7E-AD30-AA9FD67B438E}.Debug|x86.ActiveCfg = Debug|Any CPU
		{85D5A579-0B34-4E7E-AD30-AA9FD67B438E}.Debug|x86.Build.0 = Debug|Any CPU
		{85D5A579-0B34-4E7E-AD30-AA9FD67B438E}.Release|Any CPU.ActiveCfg = Release|Any CPU
		{85D5A579-0B34-4E7E-AD30-AA9FD67B438E}.Release|Any CPU.Build.0 = Release|Any CPU
		{85D5A579-0B34-4E7E-AD30-AA9FD67B438E}.Release|ARM.ActiveCfg = Release|Any CPU
		{85D5A579-0B34-4E7E-AD30-AA9FD67B438E}.Release|ARM.Build.0 = Release|Any CPU
		{85D5A579-0B34-4E7E-AD30-AA9FD67B438E}.Release|iPhone.ActiveCfg = Release|Any CPU
		{85D5A579-0B34-4E7E-AD30-AA9FD67B438E}.Release|iPhone.Build.0 = Release|Any CPU
		{85D5A579-0B34-4E7E-AD30-AA9FD67B438E}.Release|iPhoneSimulator.ActiveCfg = Release|Any CPU
		{85D5A579-0B34-4E7E-AD30-AA9FD67B438E}.Release|iPhoneSimulator.Build.0 = Release|Any CPU
		{85D5A579-0B34-4E7E-AD30-AA9FD67B438E}.Release|x64.ActiveCfg = Release|Any CPU
		{85D5A579-0B34-4E7E-AD30-AA9FD67B438E}.Release|x64.Build.0 = Release|Any CPU
		{85D5A579-0B34-4E7E-AD30-AA9FD67B438E}.Release|x86.ActiveCfg = Release|Any CPU
		{85D5A579-0B34-4E7E-AD30-AA9FD67B438E}.Release|x86.Build.0 = Release|Any CPU
	EndGlobalSection
	GlobalSection(SolutionProperties) = preSolution
		HideSolutionNode = FALSE
	EndGlobalSection
	GlobalSection(ExtensibilityGlobals) = postSolution
		SolutionGuid = {CFD13FFE-6C50-421E-9C6A-37D3E3E1D70D}
	EndGlobalSection
EndGlobal
